
Microsoft Visual Studio Solution File, Format Version 12.00
# Visual Studio Version 17
VisualStudioVersion = 17.3.32819.101
MinimumVisualStudioVersion = 10.0.40219.1
Project("{FAE04EC0-301F-11D3-BF4B-00C04F79EFBC}") = "BreakOutGame", "BreakOutGame.csproj", "{4D8D474F-FF0E-4183-B72F-CEB8D24A4AB4}"
EndProject
Global
	GlobalSection(SolutionConfigurationPlatforms) = preSolution
		Debug|Any CPU = Debug|Any CPU
		Release|Any CPU = Release|Any CPU
	EndGlobalSection
	GlobalSection(ProjectConfigurationPlatforms) = postSolution
		{4D8D474F-FF0E-4183-B72F-CEB8D24A4AB4}.Debug|Any CPU.ActiveCfg = Debug|Any CPU
		{4D8D474F-FF0E-4183-B72F-CEB8D24A4AB4}.Debug|Any CPU.Build.0 = Debug|Any CPU
		{4D8D474F-FF0E-4183-B72F-CEB8D24A4AB4}.Release|Any CPU.ActiveCfg = Release|Any CPU
		{4D8D474F-FF0E-4183-B72F-CEB8D24A4AB4}.Release|Any CPU.Build.0 = Release|Any CPU
	EndGlobalSection
	GlobalSection(SolutionProperties) = preSolution
		HideSolutionNode = FALSE
	EndGlobalSection
	GlobalSection(ExtensibilityGlobals) = postSolution
		SolutionGuid = {A497A6C1-B3FB-46D1-AA13-ED570E3DC42E}
	EndGlobalSection
EndGlobal
